
Microsoft Visual Studio Solution File, Format Version 12.00
# Visual Studio Version 17
VisualStudioVersion = 17.7.34003.232
MinimumVisualStudioVersion = 10.0.40219.1
Project("{FAE04EC0-301F-11D3-BF4B-00C04F79EFBC}") = "Entity", "Entity\Entity.csproj", "{7E5ABCDE-BB91-4043-8EF0-C67C41845DEA}"
EndProject
Global
	GlobalSection(SolutionConfigurationPlatforms) = preSolution
		Debug|Any CPU = Debug|Any CPU
		Release|Any CPU = Release|Any CPU
	EndGlobalSection
	GlobalSection(ProjectConfigurationPlatforms) = postSolution
		{7E5ABCDE-BB91-4043-8EF0-C67C41845DEA}.Debug|Any CPU.ActiveCfg = Debug|Any CPU
		{7E5ABCDE-BB91-4043-8EF0-C67C41845DEA}.Debug|Any CPU.Build.0 = Debug|Any CPU
		{7E5ABCDE-BB91-4043-8EF0-C67C41845DEA}.Release|Any CPU.ActiveCfg = Release|Any CPU
		{7E5ABCDE-BB91-4043-8EF0-C67C41845DEA}.Release|Any CPU.Build.0 = Release|Any CPU
	EndGlobalSection
	GlobalSection(SolutionProperties) = preSolution
		HideSolutionNode = FALSE
	EndGlobalSection
	GlobalSection(ExtensibilityGlobals) = postSolution
		SolutionGuid = {AD9B28CC-CC0D-4C81-9058-208D16740E6C}
	EndGlobalSection
EndGlobal
